
Microsoft Visual Studio Solution File, Format Version 12.00
# Visual Studio 15
Project("{FAE04EC0-301F-11D3-BF4B-00C04F79EFBC}") = "Assembly-CSharp", "Assembly-CSharp.csproj", "{67A15638-44A3-C824-4581-38D35EEA216E}"
EndProject
Project("{FAE04EC0-301F-11D3-BF4B-00C04F79EFBC}") = "Assembly-CSharp-Editor", "Assembly-CSharp-Editor.csproj", "{B011E6B6-EC6D-0103-A653-FFC14D7527CB}"
EndProject
Global
	GlobalSection(SolutionConfigurationPlatforms) = preSolution
		Debug|Any CPU = Debug|Any CPU
		Release|Any CPU = Release|Any CPU
	EndGlobalSection
	GlobalSection(ProjectConfigurationPlatforms) = postSolution
		{67A15638-44A3-C824-4581-38D35EEA216E}.Debug|Any CPU.ActiveCfg = Debug|Any CPU
		{67A15638-44A3-C824-4581-38D35EEA216E}.Debug|Any CPU.Build.0 = Debug|Any CPU
		{67A15638-44A3-C824-4581-38D35EEA216E}.Release|Any CPU.ActiveCfg = Release|Any CPU
		{67A15638-44A3-C824-4581-38D35EEA216E}.Release|Any CPU.Build.0 = Release|Any CPU
		{B011E6B6-EC6D-0103-A653-FFC14D7527CB}.Debug|Any CPU.ActiveCfg = Debug|Any CPU
		{B011E6B6-EC6D-0103-A653-FFC14D7527CB}.Debug|Any CPU.Build.0 = Debug|Any CPU
		{B011E6B6-EC6D-0103-A653-FFC14D7527CB}.Release|Any CPU.ActiveCfg = Release|Any CPU
		{B011E6B6-EC6D-0103-A653-FFC14D7527CB}.Release|Any CPU.Build.0 = Release|Any CPU
	EndGlobalSection
	GlobalSection(SolutionProperties) = preSolution
		HideSolutionNode = FALSE
	EndGlobalSection
EndGlobal
